{
  "version": 4,
  "terraform_version": "1.3.6",
  "serial": 448,
  "lineage": "b0c41b44-e117-47f4-eb6a-4873df584899",
  "outputs": {},
  "resources": [
    {
      "mode": "managed",
      "type": "scaleway_instance_security_group",
      "name": "sg-ssh",
      "provider": "provider[\"registry.terraform.io/scaleway/scaleway\"]",
      "instances": [
        {
          "schema_version": 0,
          "attributes": {
            "description": "",
            "enable_default_security": true,
            "external_rules": false,
            "id": "fr-par-1/10ab87d4-47d3-4193-868f-2fa4dc5bf90b",
            "inbound_default_policy": "drop",
            "inbound_rule": [
              {
                "action": "accept",
                "ip": "",
                "ip_range": "0.0.0.0/0",
                "port": 22,
                "port_range": "",
                "protocol": "TCP"
              }
            ],
            "name": "chameseddine-sg-ssh",
            "organization_id": "01548252-c96f-4826-a6cb-d7d596f52e93",
            "outbound_default_policy": "accept",
            "outbound_rule": [],
            "project_id": "b73790d7-afbb-40b5-bed0-2f3c446da796",
            "stateful": true,
            "tags": null,
            "timeouts": null,
            "zone": "fr-par-1"
          },
          "sensitive_attributes": [],
          "private": "eyJlMmJmYjczMC1lY2FhLTExZTYtOGY4OC0zNDM2M2JjN2M0YzAiOnsiY3JlYXRlIjo2MDAwMDAwMDAwMCwiZGVmYXVsdCI6NjAwMDAwMDAwMDAsImRlbGV0ZSI6NjAwMDAwMDAwMDAsInJlYWQiOjYwMDAwMDAwMDAwLCJ1cGRhdGUiOjYwMDAwMDAwMDAwfX0="
        }
      ]
    },
    {
      "mode": "managed",
      "type": "scaleway_instance_security_group",
      "name": "sg-www",
      "provider": "provider[\"registry.terraform.io/scaleway/scaleway\"]",
      "instances": [
        {
          "schema_version": 0,
          "attributes": {
            "description": "",
            "enable_default_security": true,
            "external_rules": false,
            "id": "fr-par-1/45cd848d-f778-4716-a8f0-37d59e59c358",
            "inbound_default_policy": "drop",
            "inbound_rule": [
              {
                "action": "accept",
                "ip": "",
                "ip_range": "0.0.0.0/0",
                "port": 22,
                "port_range": "",
                "protocol": "TCP"
              },
              {
                "action": "accept",
                "ip": "",
                "ip_range": "",
                "port": 80,
                "port_range": "",
                "protocol": "TCP"
              },
              {
                "action": "accept",
                "ip": "",
                "ip_range": "",
                "port": 443,
                "port_range": "",
                "protocol": "TCP"
              }
            ],
            "name": "tf-sg-confident-dhawan",
            "organization_id": "01548252-c96f-4826-a6cb-d7d596f52e93",
            "outbound_default_policy": "accept",
            "outbound_rule": [],
            "project_id": "b73790d7-afbb-40b5-bed0-2f3c446da796",
            "stateful": true,
            "tags": null,
            "timeouts": null,
            "zone": "fr-par-1"
          },
          "sensitive_attributes": [],
          "private": "eyJlMmJmYjczMC1lY2FhLTExZTYtOGY4OC0zNDM2M2JjN2M0YzAiOnsiY3JlYXRlIjo2MDAwMDAwMDAwMCwiZGVmYXVsdCI6NjAwMDAwMDAwMDAsImRlbGV0ZSI6NjAwMDAwMDAwMDAsInJlYWQiOjYwMDAwMDAwMDAwLCJ1cGRhdGUiOjYwMDAwMDAwMDAwfX0="
        }
      ]
    },
    {
      "mode": "managed",
      "type": "scaleway_instance_server",
      "name": "ecommerce_frontend_react_chameseddine",
      "provider": "provider[\"registry.terraform.io/scaleway/scaleway\"]",
      "instances": [
        {
          "schema_version": 0,
          "attributes": {
            "additional_volume_ids": null,
            "boot_type": "local",
            "bootscript_id": "fdfe150f-a870-4ce4-b432-9f56b5b995c1",
            "cloud_init": null,
            "enable_dynamic_ip": false,
            "enable_ipv6": false,
            "id": "fr-par-1/9fc86d3b-ddf3-4375-84a2-df0f5ce88032",
            "image": "debian_bullseye",
            "ip_id": "",
            "ipv6_address": "",
            "ipv6_gateway": "",
            "ipv6_prefix_length": 0,
            "name": "ecommerce_frontend_react_chameseddine",
            "organization_id": "01548252-c96f-4826-a6cb-d7d596f52e93",
            "placement_group_id": null,
            "placement_group_policy_respected": null,
            "private_ip": "10.72.30.29",
            "private_network": [
              {
                "mac_address": "02:00:00:11:cb:20",
                "pn_id": "fr-par-1/a70c0994-62e2-41e1-a14e-4c6fee7f3fd4",
                "status": "available",
                "zone": "fr-par-1"
              }
            ],
            "project_id": "b73790d7-afbb-40b5-bed0-2f3c446da796",
            "public_ip": "",
            "root_volume": [
              {
                "boot": false,
                "delete_on_termination": true,
                "name": "Debian Bullseye",
                "size_in_gb": 20,
                "volume_id": "fr-par-1/7af263dd-f1a3-4b90-a11d-f0f6a4e48d42",
                "volume_type": "l_ssd"
              }
            ],
            "security_group_id": "fr-par-1/efc8f542-87f3-43d5-a490-c5fc98bfd454",
            "state": "started",
            "tags": null,
            "timeouts": null,
            "type": "DEV1-S",
            "user_data": {},
            "zone": "fr-par-1"
          },
          "sensitive_attributes": [],
          "private": "eyJlMmJmYjczMC1lY2FhLTExZTYtOGY4OC0zNDM2M2JjN2M0YzAiOnsiY3JlYXRlIjo2MDAwMDAwMDAwMDAsImRlZmF1bHQiOjYwMDAwMDAwMDAwMCwiZGVsZXRlIjo2MDAwMDAwMDAwMDAsInJlYWQiOjYwMDAwMDAwMDAwMCwidXBkYXRlIjo2MDAwMDAwMDAwMDB9fQ==",
          "dependencies": [
            "scaleway_vpc_private_network.chameseddine_pnc"
          ]
        }
      ]
    },
    {
      "mode": "managed",
      "type": "scaleway_instance_server",
      "name": "server_chameseddine",
      "provider": "provider[\"registry.terraform.io/scaleway/scaleway\"]",
      "instances": [
        {
          "schema_version": 0,
          "attributes": {
            "additional_volume_ids": null,
            "boot_type": "local",
            "bootscript_id": "fdfe150f-a870-4ce4-b432-9f56b5b995c1",
            "cloud_init": null,
            "enable_dynamic_ip": false,
            "enable_ipv6": false,
            "id": "fr-par-1/b516dd10-1b64-4306-afc1-3c52d4864c14",
            "image": "debian_bullseye",
            "ip_id": "",
            "ipv6_address": "",
            "ipv6_gateway": "",
            "ipv6_prefix_length": 0,
            "name": "chameseddine_backend_server",
            "organization_id": "01548252-c96f-4826-a6cb-d7d596f52e93",
            "placement_group_id": null,
            "placement_group_policy_respected": null,
            "private_ip": "10.71.12.9",
            "private_network": [
              {
                "mac_address": "02:00:00:11:cb:21",
                "pn_id": "fr-par-1/a70c0994-62e2-41e1-a14e-4c6fee7f3fd4",
                "status": "available",
                "zone": "fr-par-1"
              }
            ],
            "project_id": "b73790d7-afbb-40b5-bed0-2f3c446da796",
            "public_ip": "",
            "root_volume": [
              {
                "boot": false,
                "delete_on_termination": true,
                "name": "Debian Bullseye",
                "size_in_gb": 20,
                "volume_id": "fr-par-1/b6460027-56c8-4588-873b-1bb2a5816953",
                "volume_type": "l_ssd"
              }
            ],
            "security_group_id": "fr-par-1/efc8f542-87f3-43d5-a490-c5fc98bfd454",
            "state": "started",
            "tags": null,
            "timeouts": null,
            "type": "DEV1-S",
            "user_data": {},
            "zone": "fr-par-1"
          },
          "sensitive_attributes": [],
          "private": "eyJlMmJmYjczMC1lY2FhLTExZTYtOGY4OC0zNDM2M2JjN2M0YzAiOnsiY3JlYXRlIjo2MDAwMDAwMDAwMDAsImRlZmF1bHQiOjYwMDAwMDAwMDAwMCwiZGVsZXRlIjo2MDAwMDAwMDAwMDAsInJlYWQiOjYwMDAwMDAwMDAwMCwidXBkYXRlIjo2MDAwMDAwMDAwMDB9fQ==",
          "dependencies": [
            "scaleway_vpc_private_network.chameseddine_pnc"
          ]
        }
      ]
    },
    {
      "mode": "managed",
      "type": "scaleway_instance_server",
      "name": "server_phpmyadmin_chameseddine",
      "provider": "provider[\"registry.terraform.io/scaleway/scaleway\"]",
      "instances": [
        {
          "schema_version": 0,
          "attributes": {
            "additional_volume_ids": null,
            "boot_type": "local",
            "bootscript_id": "fdfe150f-a870-4ce4-b432-9f56b5b995c1",
            "cloud_init": null,
            "enable_dynamic_ip": false,
            "enable_ipv6": false,
            "id": "fr-par-1/ab38479a-d117-48f8-b5cf-28aa906b617a",
            "image": "debian_bullseye",
            "ip_id": "",
            "ipv6_address": "",
            "ipv6_gateway": "",
            "ipv6_prefix_length": 0,
            "name": "chameseddine_phpmyadmin",
            "organization_id": "01548252-c96f-4826-a6cb-d7d596f52e93",
            "placement_group_id": null,
            "placement_group_policy_respected": null,
            "private_ip": "10.70.14.115",
            "private_network": [
              {
                "mac_address": "02:00:00:11:cb:22",
                "pn_id": "fr-par-1/a70c0994-62e2-41e1-a14e-4c6fee7f3fd4",
                "status": "available",
                "zone": "fr-par-1"
              }
            ],
            "project_id": "b73790d7-afbb-40b5-bed0-2f3c446da796",
            "public_ip": "",
            "root_volume": [
              {
                "boot": false,
                "delete_on_termination": true,
                "name": "Debian Bullseye",
                "size_in_gb": 20,
                "volume_id": "fr-par-1/11dbca90-e0ce-4de3-a081-5d5d9d111b91",
                "volume_type": "l_ssd"
              }
            ],
            "security_group_id": "fr-par-1/efc8f542-87f3-43d5-a490-c5fc98bfd454",
            "state": "started",
            "tags": null,
            "timeouts": null,
            "type": "DEV1-S",
            "user_data": {},
            "zone": "fr-par-1"
          },
          "sensitive_attributes": [],
          "private": "eyJlMmJmYjczMC1lY2FhLTExZTYtOGY4OC0zNDM2M2JjN2M0YzAiOnsiY3JlYXRlIjo2MDAwMDAwMDAwMDAsImRlZmF1bHQiOjYwMDAwMDAwMDAwMCwiZGVsZXRlIjo2MDAwMDAwMDAwMDAsInJlYWQiOjYwMDAwMDAwMDAwMCwidXBkYXRlIjo2MDAwMDAwMDAwMDB9fQ==",
          "dependencies": [
            "scaleway_vpc_private_network.chameseddine_pnc"
          ]
        }
      ]
    },
    {
      "mode": "managed",
      "type": "scaleway_rdb_database",
      "name": "main",
      "provider": "provider[\"registry.terraform.io/scaleway/scaleway\"]",
      "instances": [
        {
          "schema_version": 0,
          "attributes": {
            "id": "fr-par/b849c1e3-1f3f-472a-a6a9-454ab02b848f/ecommerce",
            "instance_id": "fr-par/b849c1e3-1f3f-472a-a6a9-454ab02b848f",
            "managed": true,
            "name": "ecommerce",
            "owner": "",
            "size": "0",
            "timeouts": null
          },
          "sensitive_attributes": [],
          "private": "eyJlMmJmYjczMC1lY2FhLTExZTYtOGY4OC0zNDM2M2JjN2M0YzAiOnsiY3JlYXRlIjo5MDAwMDAwMDAwMDAsImRlZmF1bHQiOjkwMDAwMDAwMDAwMCwiZGVsZXRlIjo5MDAwMDAwMDAwMDAsInJlYWQiOjkwMDAwMDAwMDAwMCwidXBkYXRlIjo5MDAwMDAwMDAwMDB9fQ==",
          "dependencies": [
            "scaleway_rdb_instance.main",
            "scaleway_vpc_private_network.chameseddine_pnc"
          ]
        }
      ]
    },
    {
      "mode": "managed",
      "type": "scaleway_rdb_instance",
      "name": "main",
      "provider": "provider[\"registry.terraform.io/scaleway/scaleway\"]",
      "instances": [
        {
          "schema_version": 0,
          "attributes": {
            "backup_same_region": false,
            "backup_schedule_frequency": 24,
            "backup_schedule_retention": 7,
            "certificate": "-----BEGIN CERTIFICATE-----\nMIID+zCCAuOgAwIBAgIUUTz8wMzm38LE+BWow8xHjWMn8t0wDQYJKoZIhvcNAQEL\nBQAwgYcxCzAJBgNVBAYTAkZSMQ4wDAYDVQQIDAVQYXJpczEOMAwGA1UEBwwFUGFy\naXMxETAPBgNVBAoMCFNjYWxld2F5MUUwQwYDVQQDDDxydy1iODQ5YzFlMy0xZjNm\nLTQ3MmEtYTZhOS00NTRhYjAyYjg0OGYucmRiLmZyLXBhci5zY3cuY2xvdWQwHhcN\nMjIxMjIyMDQ0NDI5WhcNMzIxMjE5MDQ0NDI5WjCBhzELMAkGA1UEBhMCRlIxDjAM\nBgNVBAgMBVBhcmlzMQ4wDAYDVQQHDAVQYXJpczERMA8GA1UECgwIU2NhbGV3YXkx\nRTBDBgNVBAMMPHJ3LWI4NDljMWUzLTFmM2YtNDcyYS1hNmE5LTQ1NGFiMDJiODQ4\nZi5yZGIuZnItcGFyLnNjdy5jbG91ZDCCASIwDQYJKoZIhvcNAQEBBQADggEPADCC\nAQoCggEBAJNBZS076Io/mqdhtrPSfaMZteAlk4AT9cW6xHpKUesDr80FnEQ5kevn\nW5yydjE84L1fle4ADLK9QJKM0ENRhcUkAOfVCXL9AkAXVZXImIuqDOF2MKvEWcNP\nyX+e4AT55b+MpvqjNpd0t3k6Ob8VEBlzyfFpTZyVK9EXSE5NNq3vlulxXGK9LD1n\nIM3GaJ5hR2cZIF+eYloRTVXV7V9DnViotaMyRvHdfFcD+1aaGyUdbzHSVqlbTuye\nFKtV6xUpT1XRwNFcBHMV4m3UlhV8G0brc1KMr5irxFoKmbU7HXMe4pgd248ebSTS\nFtifw2qzZpmbjZ7jmFyq79pVrHLLPzECAwEAAaNdMFswWQYDVR0RBFIwUII8cnct\nYjg0OWMxZTMtMWYzZi00NzJhLWE2YTktNDU0YWIwMmI4NDhmLnJkYi5mci1wYXIu\nc2N3LmNsb3VkhwQznk9PhwTAqAH+hwQznxoOMA0GCSqGSIb3DQEBCwUAA4IBAQBd\n/nAClgEP3vZ9PAIG+YfcgZI8iqbZ7lDtV929tlnzauRaZ16SlFw+LVUkHtDUDNoU\nl2p026Kq60z/oAKnl9G8h5gIlmB0+I+4yRTIrpK2aeDIs+XMom5dQ9DfDdOpy/4P\nN1vx9LYH9O59OKtfOPfLaAMTwjZXBWAIVVZD6YC2gNtPkjj8LQKPfmMiFij7ICTd\nh1HNMEAbYt6nagc1vaNe+MNkaOTKOaEvasnrSKQzEBGDmVYJBbI65HJvnEcXAXRT\nn3J+k5h6Pl9JQSfdN0X7ijKlalN7iYnhC+rgVOs2Nv60MGyhAaXv9nPFKd0HdpGK\ngHpROWPgAddi7O1JESll\n-----END CERTIFICATE-----\n",
            "disable_backup": true,
            "endpoint_ip": "51.159.26.14",
            "endpoint_port": 8094,
            "engine": "MySQL-8",
            "id": "fr-par/b849c1e3-1f3f-472a-a6a9-454ab02b848f",
            "init_settings": null,
            "is_ha_cluster": false,
            "load_balancer": [
              {
                "endpoint_id": "bfe751ed-d79a-4341-a007-8bf328d1620c",
                "hostname": "",
                "ip": "51.159.26.14",
                "name": "",
                "port": 8094
              }
            ],
            "name": "chameseddine_db",
            "node_type": "db-dev-s",
            "organization_id": "01548252-c96f-4826-a6cb-d7d596f52e93",
            "password": "#Chameseddine14",
            "private_network": [
              {
                "endpoint_id": "6c8dcfa4-3c6c-4d8e-8121-6fa7f57ce731",
                "hostname": "",
                "ip": "192.168.1.254",
                "ip_net": "192.168.1.254/24",
                "name": "",
                "pn_id": "fr-par-1/a70c0994-62e2-41e1-a14e-4c6fee7f3fd4",
                "port": 3306,
                "zone": ""
              }
            ],
            "project_id": "b73790d7-afbb-40b5-bed0-2f3c446da796",
            "read_replicas": [],
            "region": "fr-par",
            "settings": {
              "max_connections": "100"
            },
            "tags": [
              "terraform-test",
              "scaleway_rdb_instance",
              "volume",
              "rdb_pn"
            ],
            "timeouts": null,
            "user_name": "admin",
            "volume_size_in_gb": 10,
            "volume_type": "bssd"
          },
          "sensitive_attributes": [],
          "private": "eyJlMmJmYjczMC1lY2FhLTExZTYtOGY4OC0zNDM2M2JjN2M0YzAiOnsiY3JlYXRlIjo5MDAwMDAwMDAwMDAsImRlZmF1bHQiOjkwMDAwMDAwMDAwMCwiZGVsZXRlIjo5MDAwMDAwMDAwMDAsInJlYWQiOjkwMDAwMDAwMDAwMCwidXBkYXRlIjo5MDAwMDAwMDAwMDB9fQ==",
          "dependencies": [
            "scaleway_vpc_private_network.chameseddine_pnc"
          ]
        }
      ]
    },
    {
      "mode": "managed",
      "type": "scaleway_vpc_gateway_network",
      "name": "main",
      "provider": "provider[\"registry.terraform.io/scaleway/scaleway\"]",
      "instances": [
        {
          "schema_version": 0,
          "attributes": {
            "cleanup_dhcp": true,
            "created_at": "2022-12-22T04:43:07Z",
            "dhcp_id": "fr-par-1/f40c6f2b-9d90-4e47-89ae-c2cb61bb80ff",
            "enable_dhcp": true,
            "enable_masquerade": true,
            "gateway_id": "fr-par-1/c2669229-18d4-4c72-9631-4bd77732ea0d",
            "id": "fr-par-1/6cbf0de1-6c46-465e-8d19-254ef5b09b9b",
            "mac_address": "02:00:00:11:cb:1f",
            "private_network_id": "fr-par-1/a70c0994-62e2-41e1-a14e-4c6fee7f3fd4",
            "static_address": null,
            "timeouts": null,
            "updated_at": "2022-12-22T04:43:14Z",
            "zone": "fr-par-1"
          },
          "sensitive_attributes": [],
          "private": "eyJlMmJmYjczMC1lY2FhLTExZTYtOGY4OC0zNDM2M2JjN2M0YzAiOnsiY3JlYXRlIjo2MDAwMDAwMDAwMDAsImRlZmF1bHQiOjYwMDAwMDAwMDAwMCwiZGVsZXRlIjo2MDAwMDAwMDAwMDAsInJlYWQiOjYwMDAwMDAwMDAwMCwidXBkYXRlIjo2MDAwMDAwMDAwMDB9fQ==",
          "dependencies": [
            "scaleway_vpc_private_network.chameseddine_pnc",
            "scaleway_vpc_public_gateway.chameseddine_gateway",
            "scaleway_vpc_public_gateway_dhcp.dhcp01",
            "scaleway_vpc_public_gateway_ip.gw01"
          ]
        }
      ]
    },
    {
      "mode": "managed",
      "type": "scaleway_vpc_private_network",
      "name": "chameseddine_pnc",
      "provider": "provider[\"registry.terraform.io/scaleway/scaleway\"]",
      "instances": [
        {
          "schema_version": 0,
          "attributes": {
            "created_at": "2022-12-22T04:43:01Z",
            "id": "fr-par-1/a70c0994-62e2-41e1-a14e-4c6fee7f3fd4",
            "name": "chameseddine_pn",
            "organization_id": "01548252-c96f-4826-a6cb-d7d596f52e93",
            "project_id": "b73790d7-afbb-40b5-bed0-2f3c446da796",
            "tags": null,
            "updated_at": "2022-12-22T04:43:01Z",
            "zone": "fr-par-1"
          },
          "sensitive_attributes": [],
          "private": "bnVsbA=="
        }
      ]
    },
    {
      "mode": "managed",
      "type": "scaleway_vpc_public_gateway",
      "name": "chameseddine_gateway",
      "provider": "provider[\"registry.terraform.io/scaleway/scaleway\"]",
      "instances": [
        {
          "schema_version": 0,
          "attributes": {
            "bastion_enabled": false,
            "bastion_port": 61000,
            "created_at": "2022-12-22T04:43:02Z",
            "enable_smtp": false,
            "id": "fr-par-1/c2669229-18d4-4c72-9631-4bd77732ea0d",
            "ip_id": "fr-par-1/b84fce68-0ce8-4b76-aa26-136d2ff19764",
            "name": "chameseddine_gateway",
            "organization_id": "01548252-c96f-4826-a6cb-d7d596f52e93",
            "project_id": "b73790d7-afbb-40b5-bed0-2f3c446da796",
            "tags": null,
            "timeouts": null,
            "type": "VPC-GW-S",
            "updated_at": "2022-12-22T04:43:03Z",
            "upstream_dns_servers": null,
            "zone": "fr-par-1"
          },
          "sensitive_attributes": [],
          "private": "eyJlMmJmYjczMC1lY2FhLTExZTYtOGY4OC0zNDM2M2JjN2M0YzAiOnsiY3JlYXRlIjo2MDAwMDAwMDAwMDAsImRlZmF1bHQiOjYwMDAwMDAwMDAwMCwiZGVsZXRlIjo2MDAwMDAwMDAwMDAsInJlYWQiOjYwMDAwMDAwMDAwMCwidXBkYXRlIjo2MDAwMDAwMDAwMDB9fQ==",
          "dependencies": [
            "scaleway_vpc_public_gateway_ip.gw01"
          ]
        }
      ]
    },
    {
      "mode": "managed",
      "type": "scaleway_vpc_public_gateway_dhcp",
      "name": "dhcp01",
      "provider": "provider[\"registry.terraform.io/scaleway/scaleway\"]",
      "instances": [
        {
          "schema_version": 0,
          "attributes": {
            "address": "192.168.1.1",
            "created_at": "2022-12-22T04:39:12Z",
            "dns_local_name": "priv",
            "dns_search": [],
            "dns_servers_override": [],
            "enable_dynamic": true,
            "id": "fr-par-1/f40c6f2b-9d90-4e47-89ae-c2cb61bb80ff",
            "organization_id": "01548252-c96f-4826-a6cb-d7d596f52e93",
            "pool_high": "192.168.1.254",
            "pool_low": "192.168.1.2",
            "project_id": "b73790d7-afbb-40b5-bed0-2f3c446da796",
            "push_default_route": true,
            "push_dns_server": true,
            "rebind_timer": 3060,
            "renew_timer": 3000,
            "subnet": "192.168.1.0/24",
            "updated_at": "2022-12-22T04:39:12Z",
            "valid_lifetime": 3600,
            "zone": "fr-par-1"
          },
          "sensitive_attributes": [],
          "private": "bnVsbA=="
        }
      ]
    },
    {
      "mode": "managed",
      "type": "scaleway_vpc_public_gateway_ip",
      "name": "gw01",
      "provider": "provider[\"registry.terraform.io/scaleway/scaleway\"]",
      "instances": [
        {
          "schema_version": 0,
          "attributes": {
            "address": "212.47.248.125",
            "created_at": "2022-12-22T04:43:01Z",
            "id": "fr-par-1/b84fce68-0ce8-4b76-aa26-136d2ff19764",
            "organization_id": "01548252-c96f-4826-a6cb-d7d596f52e93",
            "project_id": "b73790d7-afbb-40b5-bed0-2f3c446da796",
            "reverse": "125-248-47-212.instances.scw.cloud",
            "tags": null,
            "updated_at": "2022-12-22T04:43:01Z",
            "zone": "fr-par-1"
          },
          "sensitive_attributes": [],
          "private": "bnVsbA=="
        }
      ]
    },
    {
      "mode": "managed",
      "type": "scaleway_vpc_public_gateway_pat_rule",
      "name": "ecommerce_react_frontend",
      "provider": "provider[\"registry.terraform.io/scaleway/scaleway\"]",
      "instances": [
        {
          "schema_version": 0,
          "attributes": {
            "created_at": "2022-12-22T04:43:19Z",
            "gateway_id": "fr-par-1/c2669229-18d4-4c72-9631-4bd77732ea0d",
            "id": "fr-par-1/0da0e353-efbc-4e47-bcd2-f058ef0822ee",
            "organization_id": null,
            "private_ip": "192.168.1.1",
            "private_port": 80,
            "protocol": "both",
            "public_port": 3000,
            "timeouts": null,
            "updated_at": "2022-12-22T04:43:19Z",
            "zone": "fr-par-1"
          },
          "sensitive_attributes": [],
          "private": "eyJlMmJmYjczMC1lY2FhLTExZTYtOGY4OC0zNDM2M2JjN2M0YzAiOnsiY3JlYXRlIjo2MDAwMDAwMDAwMDAsImRlZmF1bHQiOjYwMDAwMDAwMDAwMCwiZGVsZXRlIjo2MDAwMDAwMDAwMDAsInJlYWQiOjYwMDAwMDAwMDAwMCwidXBkYXRlIjo2MDAwMDAwMDAwMDB9fQ==",
          "dependencies": [
            "scaleway_vpc_gateway_network.main",
            "scaleway_vpc_private_network.chameseddine_pnc",
            "scaleway_vpc_public_gateway.chameseddine_gateway",
            "scaleway_vpc_public_gateway_dhcp.dhcp01",
            "scaleway_vpc_public_gateway_ip.gw01"
          ]
        }
      ]
    },
    {
      "mode": "managed",
      "type": "scaleway_vpc_public_gateway_pat_rule",
      "name": "phpmyadmin",
      "provider": "provider[\"registry.terraform.io/scaleway/scaleway\"]",
      "instances": [
        {
          "schema_version": 0,
          "attributes": {
            "created_at": "2022-12-22T04:43:19Z",
            "gateway_id": "fr-par-1/c2669229-18d4-4c72-9631-4bd77732ea0d",
            "id": "fr-par-1/31f18c16-0484-46cb-860a-c8ebb89f9ccf",
            "organization_id": null,
            "private_ip": "192.168.1.1",
            "private_port": 8080,
            "protocol": "both",
            "public_port": 8080,
            "timeouts": null,
            "updated_at": "2022-12-22T04:43:19Z",
            "zone": "fr-par-1"
          },
          "sensitive_attributes": [],
          "private": "eyJlMmJmYjczMC1lY2FhLTExZTYtOGY4OC0zNDM2M2JjN2M0YzAiOnsiY3JlYXRlIjo2MDAwMDAwMDAwMDAsImRlZmF1bHQiOjYwMDAwMDAwMDAwMCwiZGVsZXRlIjo2MDAwMDAwMDAwMDAsInJlYWQiOjYwMDAwMDAwMDAwMCwidXBkYXRlIjo2MDAwMDAwMDAwMDB9fQ==",
          "dependencies": [
            "scaleway_vpc_gateway_network.main",
            "scaleway_vpc_private_network.chameseddine_pnc",
            "scaleway_vpc_public_gateway.chameseddine_gateway",
            "scaleway_vpc_public_gateway_dhcp.dhcp01",
            "scaleway_vpc_public_gateway_ip.gw01"
          ]
        }
      ]
    },
    {
      "mode": "managed",
      "type": "scaleway_vpc_public_gateway_pat_rule",
      "name": "ssh_django_server",
      "provider": "provider[\"registry.terraform.io/scaleway/scaleway\"]",
      "instances": [
        {
          "schema_version": 0,
          "attributes": {
            "created_at": "2022-12-22T04:43:19Z",
            "gateway_id": "fr-par-1/c2669229-18d4-4c72-9631-4bd77732ea0d",
            "id": "fr-par-1/d4d9fec5-f451-40e3-949d-9cb1e9949352",
            "organization_id": null,
            "private_ip": "192.168.1.1",
            "private_port": 22,
            "protocol": "both",
            "public_port": 2221,
            "timeouts": null,
            "updated_at": "2022-12-22T04:43:19Z",
            "zone": "fr-par-1"
          },
          "sensitive_attributes": [],
          "private": "eyJlMmJmYjczMC1lY2FhLTExZTYtOGY4OC0zNDM2M2JjN2M0YzAiOnsiY3JlYXRlIjo2MDAwMDAwMDAwMDAsImRlZmF1bHQiOjYwMDAwMDAwMDAwMCwiZGVsZXRlIjo2MDAwMDAwMDAwMDAsInJlYWQiOjYwMDAwMDAwMDAwMCwidXBkYXRlIjo2MDAwMDAwMDAwMDB9fQ==",
          "dependencies": [
            "scaleway_vpc_gateway_network.main",
            "scaleway_vpc_private_network.chameseddine_pnc",
            "scaleway_vpc_public_gateway.chameseddine_gateway",
            "scaleway_vpc_public_gateway_dhcp.dhcp01",
            "scaleway_vpc_public_gateway_ip.gw01"
          ]
        }
      ]
    },
    {
      "mode": "managed",
      "type": "scaleway_vpc_public_gateway_pat_rule",
      "name": "ssh_frontend_react",
      "provider": "provider[\"registry.terraform.io/scaleway/scaleway\"]",
      "instances": [
        {
          "schema_version": 0,
          "attributes": {
            "created_at": "2022-12-22T04:43:19Z",
            "gateway_id": "fr-par-1/c2669229-18d4-4c72-9631-4bd77732ea0d",
            "id": "fr-par-1/16463bea-7cbc-43ba-b4ba-6ced1d55f056",
            "organization_id": null,
            "private_ip": "192.168.1.1",
            "private_port": 22,
            "protocol": "both",
            "public_port": 2223,
            "timeouts": null,
            "updated_at": "2022-12-22T04:43:19Z",
            "zone": "fr-par-1"
          },
          "sensitive_attributes": [],
          "private": "eyJlMmJmYjczMC1lY2FhLTExZTYtOGY4OC0zNDM2M2JjN2M0YzAiOnsiY3JlYXRlIjo2MDAwMDAwMDAwMDAsImRlZmF1bHQiOjYwMDAwMDAwMDAwMCwiZGVsZXRlIjo2MDAwMDAwMDAwMDAsInJlYWQiOjYwMDAwMDAwMDAwMCwidXBkYXRlIjo2MDAwMDAwMDAwMDB9fQ==",
          "dependencies": [
            "scaleway_vpc_gateway_network.main",
            "scaleway_vpc_private_network.chameseddine_pnc",
            "scaleway_vpc_public_gateway.chameseddine_gateway",
            "scaleway_vpc_public_gateway_dhcp.dhcp01",
            "scaleway_vpc_public_gateway_ip.gw01"
          ]
        }
      ]
    },
    {
      "mode": "managed",
      "type": "scaleway_vpc_public_gateway_pat_rule",
      "name": "ssh_phpmyadmin",
      "provider": "provider[\"registry.terraform.io/scaleway/scaleway\"]",
      "instances": [
        {
          "schema_version": 0,
          "attributes": {
            "created_at": "2022-12-22T04:43:19Z",
            "gateway_id": "fr-par-1/c2669229-18d4-4c72-9631-4bd77732ea0d",
            "id": "fr-par-1/b01e907d-5f83-4d02-9248-79adcef33c68",
            "organization_id": null,
            "private_ip": "192.168.1.1",
            "private_port": 22,
            "protocol": "both",
            "public_port": 2222,
            "timeouts": null,
            "updated_at": "2022-12-22T04:43:19Z",
            "zone": "fr-par-1"
          },
          "sensitive_attributes": [],
          "private": "eyJlMmJmYjczMC1lY2FhLTExZTYtOGY4OC0zNDM2M2JjN2M0YzAiOnsiY3JlYXRlIjo2MDAwMDAwMDAwMDAsImRlZmF1bHQiOjYwMDAwMDAwMDAwMCwiZGVsZXRlIjo2MDAwMDAwMDAwMDAsInJlYWQiOjYwMDAwMDAwMDAwMCwidXBkYXRlIjo2MDAwMDAwMDAwMDB9fQ==",
          "dependencies": [
            "scaleway_vpc_gateway_network.main",
            "scaleway_vpc_private_network.chameseddine_pnc",
            "scaleway_vpc_public_gateway.chameseddine_gateway",
            "scaleway_vpc_public_gateway_dhcp.dhcp01",
            "scaleway_vpc_public_gateway_ip.gw01"
          ]
        }
      ]
    },
    {
      "mode": "managed",
      "type": "scaleway_vpc_public_gateway_pat_rule",
      "name": "ui",
      "provider": "provider[\"registry.terraform.io/scaleway/scaleway\"]",
      "instances": [
        {
          "schema_version": 0,
          "attributes": {
            "created_at": "2022-12-22T04:43:19Z",
            "gateway_id": "fr-par-1/c2669229-18d4-4c72-9631-4bd77732ea0d",
            "id": "fr-par-1/caf2d03a-1f7b-4d9d-82c0-6292ff115577",
            "organization_id": null,
            "private_ip": "192.168.1.1",
            "private_port": 80,
            "protocol": "both",
            "public_port": 3333,
            "timeouts": null,
            "updated_at": "2022-12-22T04:43:19Z",
            "zone": "fr-par-1"
          },
          "sensitive_attributes": [],
          "private": "eyJlMmJmYjczMC1lY2FhLTExZTYtOGY4OC0zNDM2M2JjN2M0YzAiOnsiY3JlYXRlIjo2MDAwMDAwMDAwMDAsImRlZmF1bHQiOjYwMDAwMDAwMDAwMCwiZGVsZXRlIjo2MDAwMDAwMDAwMDAsInJlYWQiOjYwMDAwMDAwMDAwMCwidXBkYXRlIjo2MDAwMDAwMDAwMDB9fQ==",
          "dependencies": [
            "scaleway_vpc_gateway_network.main",
            "scaleway_vpc_private_network.chameseddine_pnc",
            "scaleway_vpc_public_gateway.chameseddine_gateway",
            "scaleway_vpc_public_gateway_dhcp.dhcp01",
            "scaleway_vpc_public_gateway_ip.gw01"
          ]
        }
      ]
    }
  ],
  "check_results": null
}
