{
  "version": 4,
  "terraform_version": "1.3.6",
  "serial": 430,
  "lineage": "b0c41b44-e117-47f4-eb6a-4873df584899",
  "outputs": {},
  "resources": [
    {
      "mode": "managed",
      "type": "scaleway_vpc_public_gateway_dhcp",
      "name": "dhcp01",
      "provider": "provider[\"registry.terraform.io/scaleway/scaleway\"]",
      "instances": [
        {
          "schema_version": 0,
          "attributes": {
            "address": "192.168.1.1",
            "created_at": "2022-12-22T04:39:12Z",
            "dns_local_name": "priv",
            "dns_search": [],
            "dns_servers_override": [],
            "enable_dynamic": true,
            "id": "fr-par-1/f40c6f2b-9d90-4e47-89ae-c2cb61bb80ff",
            "organization_id": "01548252-c96f-4826-a6cb-d7d596f52e93",
            "pool_high": "192.168.1.254",
            "pool_low": "192.168.1.2",
            "project_id": "b73790d7-afbb-40b5-bed0-2f3c446da796",
            "push_default_route": true,
            "push_dns_server": true,
            "rebind_timer": 3060,
            "renew_timer": 3000,
            "subnet": "192.168.1.0/24",
            "updated_at": "2022-12-22T04:39:12Z",
            "valid_lifetime": 3600,
            "zone": "fr-par-1"
          },
          "sensitive_attributes": [],
          "private": "bnVsbA=="
        }
      ]
    }
  ],
  "check_results": null
}
